# THIS IS AN AUTOGENERATED FILE. DO NOT EDIT THIS FILE DIRECTLY.
# yarn lockfile v1


"@types/offscreencanvas@^2019.7.0":
  version "2019.7.0"
  resolved "https://registry.yarnpkg.com/@types/offscreencanvas/-/offscreencanvas-2019.7.0.tgz#e4a932069db47bb3eabeb0b305502d01586fa90d"
  integrity sha512-PGcyveRIpL1XIqK8eBsmRBt76eFgtzuPiSTyKHZxnGemp2yzGzWpjYKAfK3wIMiU7eH+851yEpiuP8JZerTmWg==

"@types/two.js@^0.7.5":
  version "0.7.5"
  resolved "https://registry.yarnpkg.com/@types/two.js/-/two.js-0.7.5.tgz#dab339f84701def1966f170bc9f0e9a527eff756"
  integrity sha512-DhygmgRWP++fVdjUF68KAd3ikgsER3JptLp6c46sz2vzoN28hIlL+WiR8WrmYIfbfMZgwjm4Ie6jJsesYGcXig==

dat.gui@^0.7.9:
  version "0.7.9"
  resolved "https://registry.yarnpkg.com/dat.gui/-/dat.gui-0.7.9.tgz#860cab06053b028e327820eabdf25a13cf07b17e"
  integrity sha512-sCNc1OHobc+Erc1HqiswYgHdVNpSJUlk/Hz8vzOCsER7rl+oF/4+v8GXFUyCgtXpoCX6+bnmg07DedLvBLwYKQ==

two.js@^0.8.10:
  version "0.8.10"
  resolved "https://registry.yarnpkg.com/two.js/-/two.js-0.8.10.tgz#d01f8bb1c9401f850730a79abb9784b900ccde0b"
  integrity sha512-Rg0jn1n/0MWdDBrW47L245GWlWpbWlJ3Cv8xFlP05pSFqUT0Wn6w4yaOcxUCzAJQGRGdtmXOW3UI2W0LEEUD9Q==

twojs-multiline-text@^1.0.0:
  version "1.0.0"
  resolved "https://registry.yarnpkg.com/twojs-multiline-text/-/twojs-multiline-text-1.0.0.tgz#73c053a253377e27bc91f62022abedc5698d7c0d"
  integrity sha512-USwUREoNTq0Oeq5Nq8dLc6W6RLCuV21WAcC4eRZsjfUG2j5NCj1tmGneffmtRtYyeL05Igdz99xJHGF2d/HiBA==
  dependencies:
    "@types/offscreencanvas" "^2019.7.0"
    "@types/two.js" "^0.7.5"
    word-wrapper "^1.0.7"

word-wrapper@^1.0.7:
  version "1.0.7"
  resolved "https://registry.yarnpkg.com/word-wrapper/-/word-wrapper-1.0.7.tgz#1f14afebf66dfdf0fef55efd37184efbd08c28b6"
  integrity sha512-VOPBFCm9b6FyYKQYfn9AVn2dQvdR/YOVFV6IBRA1TBMJWKffvhEX1af6FMGrttILs2Q9ikCRhLqkbY2weW6dOQ==

yarn@^1.22.19:
  version "1.22.19"
  resolved "https://registry.yarnpkg.com/yarn/-/yarn-1.22.19.tgz#4ba7fc5c6e704fce2066ecbfb0b0d8976fe62447"
  integrity sha512-/0V5q0WbslqnwP91tirOvldvYISzaqhClxzyUKXYxs07yUILIs5jx/k6CFe8bvKSkds5w+eiOqta39Wk3WxdcQ==
